
Microsoft Visual Studio Solution File, Format Version 10.00
# Visual Studio 2008
Project("{8BC9CEB8-8B4A-11D0-8D11-00A0C91BC942}") = "afx2lg", "afx2lg.vcproj", "{87FA9F72-19A3-4DC5-AB70-DCA36E889C3C}"
	ProjectSection(ProjectDependencies) = postProject
		{15235A01-4C0D-4A51-B2DD-67728AFDE404} = {15235A01-4C0D-4A51-B2DD-67728AFDE404}
		{E24FB759-5E59-4BC3-AEFF-8D5B41B281E1} = {E24FB759-5E59-4BC3-AEFF-8D5B41B281E1}
		{DA8DE085-4112-4F3D-B88F-B17FD9B2FF4B} = {DA8DE085-4112-4F3D-B88F-B17FD9B2FF4B}
	EndProjectSection
EndProject
Project("{8BC9CEB8-8B4A-11D0-8D11-00A0C91BC942}") = "lg_parser", "lg\lg_parser.vcproj", "{E24FB759-5E59-4BC3-AEFF-8D5B41B281E1}"
EndProject
Project("{8BC9CEB8-8B4A-11D0-8D11-00A0C91BC942}") = "axefx", "axefx\axefx.vcproj", "{15235A01-4C0D-4A51-B2DD-67728AFDE404}"
EndProject
Project("{8BC9CEB8-8B4A-11D0-8D11-00A0C91BC942}") = "gtest", "..\..\gtest\msvc\gtest.vcproj", "{C8F6C172-56F2-4E76-B5FA-C3B423B31BE7}"
EndProject
Project("{8BC9CEB8-8B4A-11D0-8D11-00A0C91BC942}") = "test", "test\test.vcproj", "{DA8DE085-4112-4F3D-B88F-B17FD9B2FF4B}"
	ProjectSection(ProjectDependencies) = postProject
		{15235A01-4C0D-4A51-B2DD-67728AFDE404} = {15235A01-4C0D-4A51-B2DD-67728AFDE404}
		{E24FB759-5E59-4BC3-AEFF-8D5B41B281E1} = {E24FB759-5E59-4BC3-AEFF-8D5B41B281E1}
		{C8F6C172-56F2-4E76-B5FA-C3B423B31BE7} = {C8F6C172-56F2-4E76-B5FA-C3B423B31BE7}
	EndProjectSection
EndProject
Global
	GlobalSection(SolutionConfigurationPlatforms) = preSolution
		Debug|Win32 = Debug|Win32
		Release|Win32 = Release|Win32
	EndGlobalSection
	GlobalSection(ProjectConfigurationPlatforms) = postSolution
		{87FA9F72-19A3-4DC5-AB70-DCA36E889C3C}.Debug|Win32.ActiveCfg = Debug|Win32
		{87FA9F72-19A3-4DC5-AB70-DCA36E889C3C}.Debug|Win32.Build.0 = Debug|Win32
		{87FA9F72-19A3-4DC5-AB70-DCA36E889C3C}.Release|Win32.ActiveCfg = Release|Win32
		{87FA9F72-19A3-4DC5-AB70-DCA36E889C3C}.Release|Win32.Build.0 = Release|Win32
		{E24FB759-5E59-4BC3-AEFF-8D5B41B281E1}.Debug|Win32.ActiveCfg = Debug|Win32
		{E24FB759-5E59-4BC3-AEFF-8D5B41B281E1}.Debug|Win32.Build.0 = Debug|Win32
		{E24FB759-5E59-4BC3-AEFF-8D5B41B281E1}.Release|Win32.ActiveCfg = Release|Win32
		{E24FB759-5E59-4BC3-AEFF-8D5B41B281E1}.Release|Win32.Build.0 = Release|Win32
		{15235A01-4C0D-4A51-B2DD-67728AFDE404}.Debug|Win32.ActiveCfg = Debug|Win32
		{15235A01-4C0D-4A51-B2DD-67728AFDE404}.Debug|Win32.Build.0 = Debug|Win32
		{15235A01-4C0D-4A51-B2DD-67728AFDE404}.Release|Win32.ActiveCfg = Release|Win32
		{15235A01-4C0D-4A51-B2DD-67728AFDE404}.Release|Win32.Build.0 = Release|Win32
		{C8F6C172-56F2-4E76-B5FA-C3B423B31BE7}.Debug|Win32.ActiveCfg = Debug|Win32
		{C8F6C172-56F2-4E76-B5FA-C3B423B31BE7}.Debug|Win32.Build.0 = Debug|Win32
		{C8F6C172-56F2-4E76-B5FA-C3B423B31BE7}.Release|Win32.ActiveCfg = Release|Win32
		{C8F6C172-56F2-4E76-B5FA-C3B423B31BE7}.Release|Win32.Build.0 = Release|Win32
		{DA8DE085-4112-4F3D-B88F-B17FD9B2FF4B}.Debug|Win32.ActiveCfg = Debug|Win32
		{DA8DE085-4112-4F3D-B88F-B17FD9B2FF4B}.Debug|Win32.Build.0 = Debug|Win32
		{DA8DE085-4112-4F3D-B88F-B17FD9B2FF4B}.Release|Win32.ActiveCfg = Release|Win32
		{DA8DE085-4112-4F3D-B88F-B17FD9B2FF4B}.Release|Win32.Build.0 = Release|Win32
	EndGlobalSection
	GlobalSection(SolutionProperties) = preSolution
		HideSolutionNode = FALSE
	EndGlobalSection
EndGlobal
