
Microsoft Visual Studio Solution File, Format Version 12.00
# Visual Studio 2012
Project("{8BC9CEB8-8B4A-11D0-8D11-00A0C91BC942}") = "afx2lg", "afx2lg.vcxproj", "{87FA9F72-19A3-4DC5-AB70-DCA36E889C3C}"
EndProject
Project("{8BC9CEB8-8B4A-11D0-8D11-00A0C91BC942}") = "lg_parser", "lg\lg_parser.vcxproj", "{E24FB759-5E59-4BC3-AEFF-8D5B41B281E1}"
	ProjectSection(ProjectDependencies) = postProject
		{15235A01-4C0D-4A51-B2DD-67728AFDE404} = {15235A01-4C0D-4A51-B2DD-67728AFDE404}
	EndProjectSection
EndProject
Project("{8BC9CEB8-8B4A-11D0-8D11-00A0C91BC942}") = "axefx", "axefx\axefx.vcxproj", "{15235A01-4C0D-4A51-B2DD-67728AFDE404}"
EndProject
Project("{8BC9CEB8-8B4A-11D0-8D11-00A0C91BC942}") = "gtest", "..\..\gtest\msvc\gtest.vcxproj", "{C8F6C172-56F2-4E76-B5FA-C3B423B31BE7}"
EndProject
Project("{8BC9CEB8-8B4A-11D0-8D11-00A0C91BC942}") = "test", "test\test.vcxproj", "{DA8DE085-4112-4F3D-B88F-B17FD9B2FF4B}"
	ProjectSection(ProjectDependencies) = postProject
		{5AB4D0C9-8FC6-4A76-AFCE-0A867B9B171D} = {5AB4D0C9-8FC6-4A76-AFCE-0A867B9B171D}
	EndProjectSection
EndProject
Project("{8BC9CEB8-8B4A-11D0-8D11-00A0C91BC942}") = "midi", "midi\midi.vcxproj", "{5AB4D0C9-8FC6-4A76-AFCE-0A867B9B171D}"
EndProject
Project("{8BC9CEB8-8B4A-11D0-8D11-00A0C91BC942}") = "common", "common\common.vcxproj", "{20B5DDE2-ABDC-447B-867A-9F52ACDAC90A}"
EndProject
Global
	GlobalSection(SolutionConfigurationPlatforms) = preSolution
		Debug|Win32 = Debug|Win32
		Release|Win32 = Release|Win32
	EndGlobalSection
	GlobalSection(ProjectConfigurationPlatforms) = postSolution
		{87FA9F72-19A3-4DC5-AB70-DCA36E889C3C}.Debug|Win32.ActiveCfg = Debug|Win32
		{87FA9F72-19A3-4DC5-AB70-DCA36E889C3C}.Debug|Win32.Build.0 = Debug|Win32
		{87FA9F72-19A3-4DC5-AB70-DCA36E889C3C}.Release|Win32.ActiveCfg = Release|Win32
		{87FA9F72-19A3-4DC5-AB70-DCA36E889C3C}.Release|Win32.Build.0 = Release|Win32
		{E24FB759-5E59-4BC3-AEFF-8D5B41B281E1}.Debug|Win32.ActiveCfg = Debug|Win32
		{E24FB759-5E59-4BC3-AEFF-8D5B41B281E1}.Debug|Win32.Build.0 = Debug|Win32
		{E24FB759-5E59-4BC3-AEFF-8D5B41B281E1}.Release|Win32.ActiveCfg = Release|Win32
		{E24FB759-5E59-4BC3-AEFF-8D5B41B281E1}.Release|Win32.Build.0 = Release|Win32
		{15235A01-4C0D-4A51-B2DD-67728AFDE404}.Debug|Win32.ActiveCfg = Debug|Win32
		{15235A01-4C0D-4A51-B2DD-67728AFDE404}.Debug|Win32.Build.0 = Debug|Win32
		{15235A01-4C0D-4A51-B2DD-67728AFDE404}.Release|Win32.ActiveCfg = Release|Win32
		{15235A01-4C0D-4A51-B2DD-67728AFDE404}.Release|Win32.Build.0 = Release|Win32
		{C8F6C172-56F2-4E76-B5FA-C3B423B31BE7}.Debug|Win32.ActiveCfg = Debug|Win32
		{C8F6C172-56F2-4E76-B5FA-C3B423B31BE7}.Debug|Win32.Build.0 = Debug|Win32
		{C8F6C172-56F2-4E76-B5FA-C3B423B31BE7}.Release|Win32.ActiveCfg = Release|Win32
		{C8F6C172-56F2-4E76-B5FA-C3B423B31BE7}.Release|Win32.Build.0 = Release|Win32
		{DA8DE085-4112-4F3D-B88F-B17FD9B2FF4B}.Debug|Win32.ActiveCfg = Debug|Win32
		{DA8DE085-4112-4F3D-B88F-B17FD9B2FF4B}.Debug|Win32.Build.0 = Debug|Win32
		{DA8DE085-4112-4F3D-B88F-B17FD9B2FF4B}.Release|Win32.ActiveCfg = Release|Win32
		{DA8DE085-4112-4F3D-B88F-B17FD9B2FF4B}.Release|Win32.Build.0 = Release|Win32
		{5AB4D0C9-8FC6-4A76-AFCE-0A867B9B171D}.Debug|Win32.ActiveCfg = Debug|Win32
		{5AB4D0C9-8FC6-4A76-AFCE-0A867B9B171D}.Debug|Win32.Build.0 = Debug|Win32
		{5AB4D0C9-8FC6-4A76-AFCE-0A867B9B171D}.Release|Win32.ActiveCfg = Release|Win32
		{5AB4D0C9-8FC6-4A76-AFCE-0A867B9B171D}.Release|Win32.Build.0 = Release|Win32
		{20B5DDE2-ABDC-447B-867A-9F52ACDAC90A}.Debug|Win32.ActiveCfg = Debug|Win32
		{20B5DDE2-ABDC-447B-867A-9F52ACDAC90A}.Debug|Win32.Build.0 = Debug|Win32
		{20B5DDE2-ABDC-447B-867A-9F52ACDAC90A}.Release|Win32.ActiveCfg = Release|Win32
		{20B5DDE2-ABDC-447B-867A-9F52ACDAC90A}.Release|Win32.Build.0 = Release|Win32
	EndGlobalSection
	GlobalSection(SolutionProperties) = preSolution
		HideSolutionNode = FALSE
	EndGlobalSection
EndGlobal
